
Microsoft Visual Studio Solution File, Format Version 12.00
# Visual Studio Version 17
VisualStudioVersion = 17.1.32228.430
MinimumVisualStudioVersion = 10.0.40219.1
Project("{9A19103F-16F7-4668-BE54-9A1E7A4F7556}") = "MicroflowApp", "MicroflowFunctionApp\MicroflowApp.csproj", "{074D09C1-2F8E-4DBA-B838-F59BCBE0D3BD}"
EndProject
Project("{9A19103F-16F7-4668-BE54-9A1E7A4F7556}") = "MicroflowModels", "MicroflowModels\MicroflowModels.csproj", "{3182A6A0-38B4-4A4D-951A-E88B6602502E}"
EndProject
Project("{9A19103F-16F7-4668-BE54-9A1E7A4F7556}") = "MicroflowApiFunctionApp", "MicroflowApiFunctionApp\MicroflowApiFunctionApp.csproj", "{8AB66346-AF3E-496C-BFE9-C8565BC3265F}"
EndProject
Project("{9A19103F-16F7-4668-BE54-9A1E7A4F7556}") = "MicroflowShared", "MicroflowShared\MicroflowShared.csproj", "{C83CCA23-46D9-4819-8C45-ED01154A4121}"
EndProject
Project("{9A19103F-16F7-4668-BE54-9A1E7A4F7556}") = "MicroserviceEmulator", "MicroserviceEmulator\MicroserviceEmulator.csproj", "{B7848E81-D80E-42BB-B949-E2B01BAD59A4}"
EndProject
Global
	GlobalSection(SolutionConfigurationPlatforms) = preSolution
		Debug|Any CPU = Debug|Any CPU
		Release|Any CPU = Release|Any CPU
	EndGlobalSection
	GlobalSection(ProjectConfigurationPlatforms) = postSolution
		{074D09C1-2F8E-4DBA-B838-F59BCBE0D3BD}.Debug|Any CPU.ActiveCfg = Debug|Any CPU
		{074D09C1-2F8E-4DBA-B838-F59BCBE0D3BD}.Debug|Any CPU.Build.0 = Debug|Any CPU
		{074D09C1-2F8E-4DBA-B838-F59BCBE0D3BD}.Release|Any CPU.ActiveCfg = Debug|Any CPU
		{074D09C1-2F8E-4DBA-B838-F59BCBE0D3BD}.Release|Any CPU.Build.0 = Debug|Any CPU
		{3182A6A0-38B4-4A4D-951A-E88B6602502E}.Debug|Any CPU.ActiveCfg = DEBUG|Any CPU
		{3182A6A0-38B4-4A4D-951A-E88B6602502E}.Debug|Any CPU.Build.0 = DEBUG|Any CPU
		{3182A6A0-38B4-4A4D-951A-E88B6602502E}.Release|Any CPU.ActiveCfg = DDEBUG|Any CPU
		{3182A6A0-38B4-4A4D-951A-E88B6602502E}.Release|Any CPU.Build.0 = DDEBUG|Any CPU
		{8AB66346-AF3E-496C-BFE9-C8565BC3265F}.Debug|Any CPU.ActiveCfg = Debug|Any CPU
		{8AB66346-AF3E-496C-BFE9-C8565BC3265F}.Debug|Any CPU.Build.0 = Debug|Any CPU
		{8AB66346-AF3E-496C-BFE9-C8565BC3265F}.Release|Any CPU.ActiveCfg = Debug|Any CPU
		{8AB66346-AF3E-496C-BFE9-C8565BC3265F}.Release|Any CPU.Build.0 = Debug|Any CPU
		{C83CCA23-46D9-4819-8C45-ED01154A4121}.Debug|Any CPU.ActiveCfg = Debug|Any CPU
		{C83CCA23-46D9-4819-8C45-ED01154A4121}.Debug|Any CPU.Build.0 = Debug|Any CPU
		{C83CCA23-46D9-4819-8C45-ED01154A4121}.Release|Any CPU.ActiveCfg = Debug|Any CPU
		{C83CCA23-46D9-4819-8C45-ED01154A4121}.Release|Any CPU.Build.0 = Debug|Any CPU
		{B7848E81-D80E-42BB-B949-E2B01BAD59A4}.Debug|Any CPU.ActiveCfg = Debug|Any CPU
		{B7848E81-D80E-42BB-B949-E2B01BAD59A4}.Debug|Any CPU.Build.0 = Debug|Any CPU
		{B7848E81-D80E-42BB-B949-E2B01BAD59A4}.Release|Any CPU.ActiveCfg = Release|Any CPU
		{B7848E81-D80E-42BB-B949-E2B01BAD59A4}.Release|Any CPU.Build.0 = Release|Any CPU
	EndGlobalSection
	GlobalSection(SolutionProperties) = preSolution
		HideSolutionNode = FALSE
	EndGlobalSection
	GlobalSection(ExtensibilityGlobals) = postSolution
		SolutionGuid = {DCF5F864-D92D-4876-97D0-76F1FD7FBBD9}
	EndGlobalSection
EndGlobal
