
Microsoft Visual Studio Solution File, Format Version 12.00
# Visual Studio Version 17
VisualStudioVersion = 17.1.32228.430
MinimumVisualStudioVersion = 10.0.40219.1
Project("{9A19103F-16F7-4668-BE54-9A1E7A4F7556}") = "MicroflowApp", "MicroflowFunctionApp\MicroflowApp.csproj", "{074D09C1-2F8E-4DBA-B838-F59BCBE0D3BD}"
EndProject
Project("{9A19103F-16F7-4668-BE54-9A1E7A4F7556}") = "MicroflowModels", "MicroflowModels\MicroflowModels.csproj", "{3182A6A0-38B4-4A4D-951A-E88B6602502E}"
EndProject
Project("{9A19103F-16F7-4668-BE54-9A1E7A4F7556}") = "MicroflowApiFunctionApp", "MicroflowApiFunctionApp\MicroflowApiFunctionApp.csproj", "{8AB66346-AF3E-496C-BFE9-C8565BC3265F}"
EndProject
Project("{FAE04EC0-301F-11D3-BF4B-00C04F79EFBC}") = "FunctionApp1", "..\..\..\..\OneDrive - Mint Management Technologies\Desktop\FunctionApp1\FunctionApp1.csproj", "{41E7B62D-0BF1-4381-9343-C1A3E60C7D58}"
EndProject
Global
	GlobalSection(SolutionConfigurationPlatforms) = preSolution
		Debug|Any CPU = Debug|Any CPU
		Release|Any CPU = Release|Any CPU
	EndGlobalSection
	GlobalSection(ProjectConfigurationPlatforms) = postSolution
		{074D09C1-2F8E-4DBA-B838-F59BCBE0D3BD}.Debug|Any CPU.ActiveCfg = Debug|Any CPU
		{074D09C1-2F8E-4DBA-B838-F59BCBE0D3BD}.Debug|Any CPU.Build.0 = Debug|Any CPU
		{074D09C1-2F8E-4DBA-B838-F59BCBE0D3BD}.Release|Any CPU.ActiveCfg = Release|Any CPU
		{074D09C1-2F8E-4DBA-B838-F59BCBE0D3BD}.Release|Any CPU.Build.0 = Release|Any CPU
		{3182A6A0-38B4-4A4D-951A-E88B6602502E}.Debug|Any CPU.ActiveCfg = Debug|Any CPU
		{3182A6A0-38B4-4A4D-951A-E88B6602502E}.Debug|Any CPU.Build.0 = Debug|Any CPU
		{3182A6A0-38B4-4A4D-951A-E88B6602502E}.Release|Any CPU.ActiveCfg = Release|Any CPU
		{3182A6A0-38B4-4A4D-951A-E88B6602502E}.Release|Any CPU.Build.0 = Release|Any CPU
		{8AB66346-AF3E-496C-BFE9-C8565BC3265F}.Debug|Any CPU.ActiveCfg = Debug|Any CPU
		{8AB66346-AF3E-496C-BFE9-C8565BC3265F}.Debug|Any CPU.Build.0 = Debug|Any CPU
		{8AB66346-AF3E-496C-BFE9-C8565BC3265F}.Release|Any CPU.ActiveCfg = Release|Any CPU
		{8AB66346-AF3E-496C-BFE9-C8565BC3265F}.Release|Any CPU.Build.0 = Release|Any CPU
		{41E7B62D-0BF1-4381-9343-C1A3E60C7D58}.Debug|Any CPU.ActiveCfg = Debug|Any CPU
		{41E7B62D-0BF1-4381-9343-C1A3E60C7D58}.Debug|Any CPU.Build.0 = Debug|Any CPU
		{41E7B62D-0BF1-4381-9343-C1A3E60C7D58}.Release|Any CPU.ActiveCfg = Release|Any CPU
		{41E7B62D-0BF1-4381-9343-C1A3E60C7D58}.Release|Any CPU.Build.0 = Release|Any CPU
	EndGlobalSection
	GlobalSection(SolutionProperties) = preSolution
		HideSolutionNode = FALSE
	EndGlobalSection
	GlobalSection(ExtensibilityGlobals) = postSolution
		SolutionGuid = {DCF5F864-D92D-4876-97D0-76F1FD7FBBD9}
	EndGlobalSection
EndGlobal
