
Microsoft Visual Studio Solution File, Format Version 12.00
# Visual Studio Version 16
VisualStudioVersion = 16.0.31205.134
MinimumVisualStudioVersion = 10.0.40219.1
Project("{9A19103F-16F7-4668-BE54-9A1E7A4F7556}") = "MicroflowApp", "MicroflowFunctionApp\MicroflowApp.csproj", "{074D09C1-2F8E-4DBA-B838-F59BCBE0D3BD}"
EndProject
Project("{9A19103F-16F7-4668-BE54-9A1E7A4F7556}") = "MicroflowModels", "MicroflowModels\MicroflowModels.csproj", "{3182A6A0-38B4-4A4D-951A-E88B6602502E}"
EndProject
Global
	GlobalSection(SolutionConfigurationPlatforms) = preSolution
		Debug|Any CPU = Debug|Any CPU
		Release|Any CPU = Release|Any CPU
	EndGlobalSection
	GlobalSection(ProjectConfigurationPlatforms) = postSolution
		{074D09C1-2F8E-4DBA-B838-F59BCBE0D3BD}.Debug|Any CPU.ActiveCfg = Debug|Any CPU
		{074D09C1-2F8E-4DBA-B838-F59BCBE0D3BD}.Debug|Any CPU.Build.0 = Debug|Any CPU
		{074D09C1-2F8E-4DBA-B838-F59BCBE0D3BD}.Release|Any CPU.ActiveCfg = Release|Any CPU
		{074D09C1-2F8E-4DBA-B838-F59BCBE0D3BD}.Release|Any CPU.Build.0 = Release|Any CPU
		{3182A6A0-38B4-4A4D-951A-E88B6602502E}.Debug|Any CPU.ActiveCfg = Debug|Any CPU
		{3182A6A0-38B4-4A4D-951A-E88B6602502E}.Debug|Any CPU.Build.0 = Debug|Any CPU
		{3182A6A0-38B4-4A4D-951A-E88B6602502E}.Release|Any CPU.ActiveCfg = Release|Any CPU
		{3182A6A0-38B4-4A4D-951A-E88B6602502E}.Release|Any CPU.Build.0 = Release|Any CPU
	EndGlobalSection
	GlobalSection(SolutionProperties) = preSolution
		HideSolutionNode = FALSE
	EndGlobalSection
	GlobalSection(ExtensibilityGlobals) = postSolution
		SolutionGuid = {DCF5F864-D92D-4876-97D0-76F1FD7FBBD9}
	EndGlobalSection
EndGlobal
