
Microsoft Visual Studio Solution File, Format Version 12.00
# Visual Studio Version 17
VisualStudioVersion = 17.3.32901.215
MinimumVisualStudioVersion = 10.0.40219.1
Project("{9A19103F-16F7-4668-BE54-9A1E7A4F7556}") = "MicroflowTest", "MicroflowTest.csproj", "{F56DD770-E3B5-4846-9301-46748A9EAC43}"
EndProject
Project("{9A19103F-16F7-4668-BE54-9A1E7A4F7556}") = "MicroflowSDK", "..\MicroflowSDK\MicroflowSDK.csproj", "{D52A21A8-E941-4627-A14D-C6E722C7ABD3}"
EndProject
Global
	GlobalSection(SolutionConfigurationPlatforms) = preSolution
		Debug|Any CPU = Debug|Any CPU
		Release|Any CPU = Release|Any CPU
	EndGlobalSection
	GlobalSection(ProjectConfigurationPlatforms) = postSolution
		{F56DD770-E3B5-4846-9301-46748A9EAC43}.Debug|Any CPU.ActiveCfg = Debug|Any CPU
		{F56DD770-E3B5-4846-9301-46748A9EAC43}.Debug|Any CPU.Build.0 = Debug|Any CPU
		{F56DD770-E3B5-4846-9301-46748A9EAC43}.Release|Any CPU.ActiveCfg = Release|Any CPU
		{F56DD770-E3B5-4846-9301-46748A9EAC43}.Release|Any CPU.Build.0 = Release|Any CPU
		{D52A21A8-E941-4627-A14D-C6E722C7ABD3}.Debug|Any CPU.ActiveCfg = Debug|Any CPU
		{D52A21A8-E941-4627-A14D-C6E722C7ABD3}.Debug|Any CPU.Build.0 = Debug|Any CPU
		{D52A21A8-E941-4627-A14D-C6E722C7ABD3}.Release|Any CPU.ActiveCfg = Release|Any CPU
		{D52A21A8-E941-4627-A14D-C6E722C7ABD3}.Release|Any CPU.Build.0 = Release|Any CPU
	EndGlobalSection
	GlobalSection(SolutionProperties) = preSolution
		HideSolutionNode = FALSE
	EndGlobalSection
	GlobalSection(ExtensibilityGlobals) = postSolution
		SolutionGuid = {11422D0E-2C78-4241-933B-841495B865D6}
	EndGlobalSection
EndGlobal
