
Microsoft Visual Studio Solution File, Format Version 12.00
# Visual Studio Version 17
VisualStudioVersion = 17.1.32319.34
MinimumVisualStudioVersion = 10.0.40219.1
Project("{9A19103F-16F7-4668-BE54-9A1E7A4F7556}") = "MicroflowConsole", "MicroFlowConsole\MicroflowConsole.csproj", "{3EAC511D-71F5-4143-8209-DC4BA5C61332}"
EndProject
Project("{9A19103F-16F7-4668-BE54-9A1E7A4F7556}") = "MicroflowSDK", "..\MicroflowSDK\MicroflowSDK.csproj", "{9651D122-B7ED-4CAB-BE07-C308F16264B8}"
EndProject
Project("{9A19103F-16F7-4668-BE54-9A1E7A4F7556}") = "MicroflowModels", "..\MicroflowModels\MicroflowModels.csproj", "{267F2DF5-62FE-4DA8-BEBD-C4D76955858A}"
EndProject
Global
	GlobalSection(SolutionConfigurationPlatforms) = preSolution
		Debug|Any CPU = Debug|Any CPU
		Release|Any CPU = Release|Any CPU
	EndGlobalSection
	GlobalSection(ProjectConfigurationPlatforms) = postSolution
		{3EAC511D-71F5-4143-8209-DC4BA5C61332}.Debug|Any CPU.ActiveCfg = Debug|Any CPU
		{3EAC511D-71F5-4143-8209-DC4BA5C61332}.Debug|Any CPU.Build.0 = Debug|Any CPU
		{3EAC511D-71F5-4143-8209-DC4BA5C61332}.Release|Any CPU.ActiveCfg = Release|Any CPU
		{3EAC511D-71F5-4143-8209-DC4BA5C61332}.Release|Any CPU.Build.0 = Release|Any CPU
		{9651D122-B7ED-4CAB-BE07-C308F16264B8}.Debug|Any CPU.ActiveCfg = Debug|Any CPU
		{9651D122-B7ED-4CAB-BE07-C308F16264B8}.Debug|Any CPU.Build.0 = Debug|Any CPU
		{9651D122-B7ED-4CAB-BE07-C308F16264B8}.Release|Any CPU.ActiveCfg = Release|Any CPU
		{9651D122-B7ED-4CAB-BE07-C308F16264B8}.Release|Any CPU.Build.0 = Release|Any CPU
		{267F2DF5-62FE-4DA8-BEBD-C4D76955858A}.Debug|Any CPU.ActiveCfg = Debug|Any CPU
		{267F2DF5-62FE-4DA8-BEBD-C4D76955858A}.Debug|Any CPU.Build.0 = Debug|Any CPU
		{267F2DF5-62FE-4DA8-BEBD-C4D76955858A}.Release|Any CPU.ActiveCfg = Release|Any CPU
		{267F2DF5-62FE-4DA8-BEBD-C4D76955858A}.Release|Any CPU.Build.0 = Release|Any CPU
	EndGlobalSection
	GlobalSection(SolutionProperties) = preSolution
		HideSolutionNode = FALSE
	EndGlobalSection
	GlobalSection(ExtensibilityGlobals) = postSolution
		SolutionGuid = {E5590EB9-0ECA-4E97-8654-CAF25659CCED}
	EndGlobalSection
EndGlobal
